
Microsoft Visual Studio Solution File, Format Version 12.00
# Visual Studio Version 16
VisualStudioVersion = 16.0.29709.97
MinimumVisualStudioVersion = 15.0.26124.0
Project("{9A19103F-16F7-4668-BE54-9A1E7A4F7556}") = "Extensions", "Extensions\Extensions.csproj", "{A1F1E7D6-8D5F-428C-A954-7CC15D006ECC}"
EndProject
Project("{FAE04EC0-301F-11D3-BF4B-00C04F79EFBC}") = "Extensions.Tests", "Extensions.Tests\Extensions.Tests.csproj", "{FDAB2A02-E249-45CC-852E-7CC32E4F1ABC}"
EndProject
Project("{FAE04EC0-301F-11D3-BF4B-00C04F79EFBC}") = "PartialClasses", "PartialClasses\PartialClasses.csproj", "{60283DCF-10C2-4F2C-8E63-92CB99A212FD}"
EndProject
Project("{FAE04EC0-301F-11D3-BF4B-00C04F79EFBC}") = "PartialClasses.Tests", "PartialClasses.Tests\PartialClasses.Tests.csproj", "{F0862CC4-01FD-4B00-BF27-EA5EB5E2C4F1}"
EndProject
Global
	GlobalSection(SolutionConfigurationPlatforms) = preSolution
		Debug|Any CPU = Debug|Any CPU
		Debug|x64 = Debug|x64
		Debug|x86 = Debug|x86
		Release|Any CPU = Release|Any CPU
		Release|x64 = Release|x64
		Release|x86 = Release|x86
	EndGlobalSection
	GlobalSection(ProjectConfigurationPlatforms) = postSolution
		{A1F1E7D6-8D5F-428C-A954-7CC15D006ECC}.Debug|Any CPU.ActiveCfg = Debug|Any CPU
		{A1F1E7D6-8D5F-428C-A954-7CC15D006ECC}.Debug|Any CPU.Build.0 = Debug|Any CPU
		{A1F1E7D6-8D5F-428C-A954-7CC15D006ECC}.Debug|x64.ActiveCfg = Debug|Any CPU
		{A1F1E7D6-8D5F-428C-A954-7CC15D006ECC}.Debug|x64.Build.0 = Debug|Any CPU
		{A1F1E7D6-8D5F-428C-A954-7CC15D006ECC}.Debug|x86.ActiveCfg = Debug|Any CPU
		{A1F1E7D6-8D5F-428C-A954-7CC15D006ECC}.Debug|x86.Build.0 = Debug|Any CPU
		{A1F1E7D6-8D5F-428C-A954-7CC15D006ECC}.Release|Any CPU.ActiveCfg = Release|Any CPU
		{A1F1E7D6-8D5F-428C-A954-7CC15D006ECC}.Release|Any CPU.Build.0 = Release|Any CPU
		{A1F1E7D6-8D5F-428C-A954-7CC15D006ECC}.Release|x64.ActiveCfg = Release|Any CPU
		{A1F1E7D6-8D5F-428C-A954-7CC15D006ECC}.Release|x64.Build.0 = Release|Any CPU
		{A1F1E7D6-8D5F-428C-A954-7CC15D006ECC}.Release|x86.ActiveCfg = Release|Any CPU
		{A1F1E7D6-8D5F-428C-A954-7CC15D006ECC}.Release|x86.Build.0 = Release|Any CPU
		{FDAB2A02-E249-45CC-852E-7CC32E4F1ABC}.Debug|Any CPU.ActiveCfg = Debug|Any CPU
		{FDAB2A02-E249-45CC-852E-7CC32E4F1ABC}.Debug|Any CPU.Build.0 = Debug|Any CPU
		{FDAB2A02-E249-45CC-852E-7CC32E4F1ABC}.Debug|x64.ActiveCfg = Debug|Any CPU
		{FDAB2A02-E249-45CC-852E-7CC32E4F1ABC}.Debug|x64.Build.0 = Debug|Any CPU
		{FDAB2A02-E249-45CC-852E-7CC32E4F1ABC}.Debug|x86.ActiveCfg = Debug|Any CPU
		{FDAB2A02-E249-45CC-852E-7CC32E4F1ABC}.Debug|x86.Build.0 = Debug|Any CPU
		{FDAB2A02-E249-45CC-852E-7CC32E4F1ABC}.Release|Any CPU.ActiveCfg = Release|Any CPU
		{FDAB2A02-E249-45CC-852E-7CC32E4F1ABC}.Release|Any CPU.Build.0 = Release|Any CPU
		{FDAB2A02-E249-45CC-852E-7CC32E4F1ABC}.Release|x64.ActiveCfg = Release|Any CPU
		{FDAB2A02-E249-45CC-852E-7CC32E4F1ABC}.Release|x64.Build.0 = Release|Any CPU
		{FDAB2A02-E249-45CC-852E-7CC32E4F1ABC}.Release|x86.ActiveCfg = Release|Any CPU
		{FDAB2A02-E249-45CC-852E-7CC32E4F1ABC}.Release|x86.Build.0 = Release|Any CPU
		{60283DCF-10C2-4F2C-8E63-92CB99A212FD}.Debug|Any CPU.ActiveCfg = Debug|Any CPU
		{60283DCF-10C2-4F2C-8E63-92CB99A212FD}.Debug|Any CPU.Build.0 = Debug|Any CPU
		{60283DCF-10C2-4F2C-8E63-92CB99A212FD}.Debug|x64.ActiveCfg = Debug|Any CPU
		{60283DCF-10C2-4F2C-8E63-92CB99A212FD}.Debug|x64.Build.0 = Debug|Any CPU
		{60283DCF-10C2-4F2C-8E63-92CB99A212FD}.Debug|x86.ActiveCfg = Debug|Any CPU
		{60283DCF-10C2-4F2C-8E63-92CB99A212FD}.Debug|x86.Build.0 = Debug|Any CPU
		{60283DCF-10C2-4F2C-8E63-92CB99A212FD}.Release|Any CPU.ActiveCfg = Release|Any CPU
		{60283DCF-10C2-4F2C-8E63-92CB99A212FD}.Release|Any CPU.Build.0 = Release|Any CPU
		{60283DCF-10C2-4F2C-8E63-92CB99A212FD}.Release|x64.ActiveCfg = Release|Any CPU
		{60283DCF-10C2-4F2C-8E63-92CB99A212FD}.Release|x64.Build.0 = Release|Any CPU
		{60283DCF-10C2-4F2C-8E63-92CB99A212FD}.Release|x86.ActiveCfg = Release|Any CPU
		{60283DCF-10C2-4F2C-8E63-92CB99A212FD}.Release|x86.Build.0 = Release|Any CPU
		{F0862CC4-01FD-4B00-BF27-EA5EB5E2C4F1}.Debug|Any CPU.ActiveCfg = Debug|Any CPU
		{F0862CC4-01FD-4B00-BF27-EA5EB5E2C4F1}.Debug|Any CPU.Build.0 = Debug|Any CPU
		{F0862CC4-01FD-4B00-BF27-EA5EB5E2C4F1}.Debug|x64.ActiveCfg = Debug|Any CPU
		{F0862CC4-01FD-4B00-BF27-EA5EB5E2C4F1}.Debug|x64.Build.0 = Debug|Any CPU
		{F0862CC4-01FD-4B00-BF27-EA5EB5E2C4F1}.Debug|x86.ActiveCfg = Debug|Any CPU
		{F0862CC4-01FD-4B00-BF27-EA5EB5E2C4F1}.Debug|x86.Build.0 = Debug|Any CPU
		{F0862CC4-01FD-4B00-BF27-EA5EB5E2C4F1}.Release|Any CPU.ActiveCfg = Release|Any CPU
		{F0862CC4-01FD-4B00-BF27-EA5EB5E2C4F1}.Release|Any CPU.Build.0 = Release|Any CPU
		{F0862CC4-01FD-4B00-BF27-EA5EB5E2C4F1}.Release|x64.ActiveCfg = Release|Any CPU
		{F0862CC4-01FD-4B00-BF27-EA5EB5E2C4F1}.Release|x64.Build.0 = Release|Any CPU
		{F0862CC4-01FD-4B00-BF27-EA5EB5E2C4F1}.Release|x86.ActiveCfg = Release|Any CPU
		{F0862CC4-01FD-4B00-BF27-EA5EB5E2C4F1}.Release|x86.Build.0 = Release|Any CPU
	EndGlobalSection
	GlobalSection(SolutionProperties) = preSolution
		HideSolutionNode = FALSE
	EndGlobalSection
	GlobalSection(ExtensibilityGlobals) = postSolution
		SolutionGuid = {26003266-1E71-4AF4-84AF-A3A3877CA331}
	EndGlobalSection
EndGlobal
